
Microsoft Visual Studio Solution File, Format Version 12.00
# Visual Studio 15
VisualStudioVersion = 15.0.27703.2026
MinimumVisualStudioVersion = 10.0.40219.1
Project("{8BC9CEB8-8B4A-11D0-8D11-00A0C91BC942}") = "STRPG", "STRPG\STRPG.vcxproj", "{7FD528EC-93BE-45BE-A3F1-F61F4C1AE4E6}"
EndProject
Global
	GlobalSection(SolutionConfigurationPlatforms) = preSolution
		Debug|x64 = Debug|x64
		Debug|x86 = Debug|x86
		Release|x64 = Release|x64
		Release|x86 = Release|x86
	EndGlobalSection
	GlobalSection(ProjectConfigurationPlatforms) = postSolution
		{7FD528EC-93BE-45BE-A3F1-F61F4C1AE4E6}.Debug|x64.ActiveCfg = Debug|x64
		{7FD528EC-93BE-45BE-A3F1-F61F4C1AE4E6}.Debug|x64.Build.0 = Debug|x64
		{7FD528EC-93BE-45BE-A3F1-F61F4C1AE4E6}.Debug|x86.ActiveCfg = Debug|Win32
		{7FD528EC-93BE-45BE-A3F1-F61F4C1AE4E6}.Debug|x86.Build.0 = Debug|Win32
		{7FD528EC-93BE-45BE-A3F1-F61F4C1AE4E6}.Release|x64.ActiveCfg = Release|x64
		{7FD528EC-93BE-45BE-A3F1-F61F4C1AE4E6}.Release|x64.Build.0 = Release|x64
		{7FD528EC-93BE-45BE-A3F1-F61F4C1AE4E6}.Release|x86.ActiveCfg = Release|Win32
		{7FD528EC-93BE-45BE-A3F1-F61F4C1AE4E6}.Release|x86.Build.0 = Release|Win32
	EndGlobalSection
	GlobalSection(SolutionProperties) = preSolution
		HideSolutionNode = FALSE
	EndGlobalSection
	GlobalSection(ExtensibilityGlobals) = postSolution
		SolutionGuid = {5F5966FE-EB22-4371-982F-239A1FCAD454}
	EndGlobalSection
EndGlobal
